
Microsoft Visual Studio Solution File, Format Version 12.00
# Visual Studio Version 16
VisualStudioVersion = 16.0.31025.218
MinimumVisualStudioVersion = 10.0.40219.1
Project("{FAE04EC0-301F-11D3-BF4B-00C04F79EFBC}") = "PopupModal.UWP", "PopupModal\PopupModal.UWP\PopupModal.UWP.csproj", "{9574A14C-5CB0-483D-BD0A-F77CD00C1404}"
EndProject
Project("{FAE04EC0-301F-11D3-BF4B-00C04F79EFBC}") = "PopupModal.Android", "PopupModal\PopupModal.Android\PopupModal.Android.csproj", "{EA3F3EF2-70CF-4C2A-B1B3-A0AFD7489CDE}"
EndProject
Project("{FAE04EC0-301F-11D3-BF4B-00C04F79EFBC}") = "PopupModal.iOS", "PopupModal\PopupModal.iOS\PopupModal.iOS.csproj", "{3782BB2B-6D41-482B-99BB-158F1D746A4F}"
EndProject
Project("{FAE04EC0-301F-11D3-BF4B-00C04F79EFBC}") = "PopupModal", "PopupModal\PopupModal\PopupModal.csproj", "{F256D85D-BA85-4D00-883D-92BC9EFAC6F2}"
EndProject
Global
	GlobalSection(SolutionConfigurationPlatforms) = preSolution
		Debug|Any CPU = Debug|Any CPU
		Debug|ARM = Debug|ARM
		Debug|iPhone = Debug|iPhone
		Debug|iPhoneSimulator = Debug|iPhoneSimulator
		Debug|x64 = Debug|x64
		Debug|x86 = Debug|x86
		Release|Any CPU = Release|Any CPU
		Release|ARM = Release|ARM
		Release|iPhone = Release|iPhone
		Release|iPhoneSimulator = Release|iPhoneSimulator
		Release|x64 = Release|x64
		Release|x86 = Release|x86
	EndGlobalSection
	GlobalSection(ProjectConfigurationPlatforms) = postSolution
		{9574A14C-5CB0-483D-BD0A-F77CD00C1404}.Debug|Any CPU.ActiveCfg = Debug|x86
		{9574A14C-5CB0-483D-BD0A-F77CD00C1404}.Debug|Any CPU.Build.0 = Debug|x86
		{9574A14C-5CB0-483D-BD0A-F77CD00C1404}.Debug|Any CPU.Deploy.0 = Debug|x86
		{9574A14C-5CB0-483D-BD0A-F77CD00C1404}.Debug|ARM.ActiveCfg = Debug|ARM
		{9574A14C-5CB0-483D-BD0A-F77CD00C1404}.Debug|ARM.Build.0 = Debug|ARM
		{9574A14C-5CB0-483D-BD0A-F77CD00C1404}.Debug|ARM.Deploy.0 = Debug|ARM
		{9574A14C-5CB0-483D-BD0A-F77CD00C1404}.Debug|iPhone.ActiveCfg = Debug|x86
		{9574A14C-5CB0-483D-BD0A-F77CD00C1404}.Debug|iPhone.Build.0 = Debug|x86
		{9574A14C-5CB0-483D-BD0A-F77CD00C1404}.Debug|iPhone.Deploy.0 = Debug|x86
		{9574A14C-5CB0-483D-BD0A-F77CD00C1404}.Debug|iPhoneSimulator.ActiveCfg = Debug|x86
		{9574A14C-5CB0-483D-BD0A-F77CD00C1404}.Debug|iPhoneSimulator.Build.0 = Debug|x86
		{9574A14C-5CB0-483D-BD0A-F77CD00C1404}.Debug|iPhoneSimulator.Deploy.0 = Debug|x86
		{9574A14C-5CB0-483D-BD0A-F77CD00C1404}.Debug|x64.ActiveCfg = Debug|x64
		{9574A14C-5CB0-483D-BD0A-F77CD00C1404}.Debug|x64.Build.0 = Debug|x64
		{9574A14C-5CB0-483D-BD0A-F77CD00C1404}.Debug|x64.Deploy.0 = Debug|x64
		{9574A14C-5CB0-483D-BD0A-F77CD00C1404}.Debug|x86.ActiveCfg = Debug|x86
		{9574A14C-5CB0-483D-BD0A-F77CD00C1404}.Debug|x86.Build.0 = Debug|x86
		{9574A14C-5CB0-483D-BD0A-F77CD00C1404}.Debug|x86.Deploy.0 = Debug|x86
		{9574A14C-5CB0-483D-BD0A-F77CD00C1404}.Release|Any CPU.ActiveCfg = Release|x86
		{9574A14C-5CB0-483D-BD0A-F77CD00C1404}.Release|Any CPU.Build.0 = Release|x86
		{9574A14C-5CB0-483D-BD0A-F77CD00C1404}.Release|Any CPU.Deploy.0 = Release|x86
		{9574A14C-5CB0-483D-BD0A-F77CD00C1404}.Release|ARM.ActiveCfg = Release|ARM
		{9574A14C-5CB0-483D-BD0A-F77CD00C1404}.Release|ARM.Build.0 = Release|ARM
		{9574A14C-5CB0-483D-BD0A-F77CD00C1404}.Release|ARM.Deploy.0 = Release|ARM
		{9574A14C-5CB0-483D-BD0A-F77CD00C1404}.Release|iPhone.ActiveCfg = Release|x86
		{9574A14C-5CB0-483D-BD0A-F77CD00C1404}.Release|iPhone.Build.0 = Release|x86
		{9574A14C-5CB0-483D-BD0A-F77CD00C1404}.Release|iPhone.Deploy.0 = Release|x86
		{9574A14C-5CB0-483D-BD0A-F77CD00C1404}.Release|iPhoneSimulator.ActiveCfg = Release|x86
		{9574A14C-5CB0-483D-BD0A-F77CD00C1404}.Release|iPhoneSimulator.Build.0 = Release|x86
		{9574A14C-5CB0-483D-BD0A-F77CD00C1404}.Release|iPhoneSimulator.Deploy.0 = Release|x86
		{9574A14C-5CB0-483D-BD0A-F77CD00C1404}.Release|x64.ActiveCfg = Release|x64
		{9574A14C-5CB0-483D-BD0A-F77CD00C1404}.Release|x64.Build.0 = Release|x64
		{9574A14C-5CB0-483D-BD0A-F77CD00C1404}.Release|x64.Deploy.0 = Release|x64
		{9574A14C-5CB0-483D-BD0A-F77CD00C1404}.Release|x86.ActiveCfg = Release|x86
		{9574A14C-5CB0-483D-BD0A-F77CD00C1404}.Release|x86.Build.0 = Release|x86
		{9574A14C-5CB0-483D-BD0A-F77CD00C1404}.Release|x86.Deploy.0 = Release|x86
		{EA3F3EF2-70CF-4C2A-B1B3-A0AFD7489CDE}.Debug|Any CPU.ActiveCfg = Debug|Any CPU
		{EA3F3EF2-70CF-4C2A-B1B3-A0AFD7489CDE}.Debug|Any CPU.Build.0 = Debug|Any CPU
		{EA3F3EF2-70CF-4C2A-B1B3-A0AFD7489CDE}.Debug|Any CPU.Deploy.0 = Debug|Any CPU
		{EA3F3EF2-70CF-4C2A-B1B3-A0AFD7489CDE}.Debug|ARM.ActiveCfg = Debug|Any CPU
		{EA3F3EF2-70CF-4C2A-B1B3-A0AFD7489CDE}.Debug|ARM.Build.0 = Debug|Any CPU
		{EA3F3EF2-70CF-4C2A-B1B3-A0AFD7489CDE}.Debug|ARM.Deploy.0 = Debug|Any CPU
		{EA3F3EF2-70CF-4C2A-B1B3-A0AFD7489CDE}.Debug|iPhone.ActiveCfg = Debug|Any CPU
		{EA3F3EF2-70CF-4C2A-B1B3-A0AFD7489CDE}.Debug|iPhone.Build.0 = Debug|Any CPU
		{EA3F3EF2-70CF-4C2A-B1B3-A0AFD7489CDE}.Debug|iPhone.Deploy.0 = Debug|Any CPU
		{EA3F3EF2-70CF-4C2A-B1B3-A0AFD7489CDE}.Debug|iPhoneSimulator.ActiveCfg = Debug|Any CPU
		{EA3F3EF2-70CF-4C2A-B1B3-A0AFD7489CDE}.Debug|iPhoneSimulator.Build.0 = Debug|Any CPU
		{EA3F3EF2-70CF-4C2A-B1B3-A0AFD7489CDE}.Debug|iPhoneSimulator.Deploy.0 = Debug|Any CPU
		{EA3F3EF2-70CF-4C2A-B1B3-A0AFD7489CDE}.Debug|x64.ActiveCfg = Debug|Any CPU
		{EA3F3EF2-70CF-4C2A-B1B3-A0AFD7489CDE}.Debug|x64.Build.0 = Debug|Any CPU
		{EA3F3EF2-70CF-4C2A-B1B3-A0AFD7489CDE}.Debug|x64.Deploy.0 = Debug|Any CPU
		{EA3F3EF2-70CF-4C2A-B1B3-A0AFD7489CDE}.Debug|x86.ActiveCfg = Debug|Any CPU
		{EA3F3EF2-70CF-4C2A-B1B3-A0AFD7489CDE}.Debug|x86.Build.0 = Debug|Any CPU
		{EA3F3EF2-70CF-4C2A-B1B3-A0AFD7489CDE}.Debug|x86.Deploy.0 = Debug|Any CPU
		{EA3F3EF2-70CF-4C2A-B1B3-A0AFD7489CDE}.Release|Any CPU.ActiveCfg = Release|Any CPU
		{EA3F3EF2-70CF-4C2A-B1B3-A0AFD7489CDE}.Release|Any CPU.Build.0 = Release|Any CPU
		{EA3F3EF2-70CF-4C2A-B1B3-A0AFD7489CDE}.Release|Any CPU.Deploy.0 = Release|Any CPU
		{EA3F3EF2-70CF-4C2A-B1B3-A0AFD7489CDE}.Release|ARM.ActiveCfg = Release|Any CPU
		{EA3F3EF2-70CF-4C2A-B1B3-A0AFD7489CDE}.Release|ARM.Build.0 = Release|Any CPU
		{EA3F3EF2-70CF-4C2A-B1B3-A0AFD7489CDE}.Release|ARM.Deploy.0 = Release|Any CPU
		{EA3F3EF2-70CF-4C2A-B1B3-A0AFD7489CDE}.Release|iPhone.ActiveCfg = Release|Any CPU
		{EA3F3EF2-70CF-4C2A-B1B3-A0AFD7489CDE}.Release|iPhone.Build.0 = Release|Any CPU
		{EA3F3EF2-70CF-4C2A-B1B3-A0AFD7489CDE}.Release|iPhone.Deploy.0 = Release|Any CPU
		{EA3F3EF2-70CF-4C2A-B1B3-A0AFD7489CDE}.Release|iPhoneSimulator.ActiveCfg = Release|Any CPU
		{EA3F3EF2-70CF-4C2A-B1B3-A0AFD7489CDE}.Release|iPhoneSimulator.Build.0 = Release|Any CPU
		{EA3F3EF2-70CF-4C2A-B1B3-A0AFD7489CDE}.Release|iPhoneSimulator.Deploy.0 = Release|Any CPU
		{EA3F3EF2-70CF-4C2A-B1B3-A0AFD7489CDE}.Release|x64.ActiveCfg = Release|Any CPU
		{EA3F3EF2-70CF-4C2A-B1B3-A0AFD7489CDE}.Release|x64.Build.0 = Release|Any CPU
		{EA3F3EF2-70CF-4C2A-B1B3-A0AFD7489CDE}.Release|x64.Deploy.0 = Release|Any CPU
		{EA3F3EF2-70CF-4C2A-B1B3-A0AFD7489CDE}.Release|x86.ActiveCfg = Release|Any CPU
		{EA3F3EF2-70CF-4C2A-B1B3-A0AFD7489CDE}.Release|x86.Build.0 = Release|Any CPU
		{EA3F3EF2-70CF-4C2A-B1B3-A0AFD7489CDE}.Release|x86.Deploy.0 = Release|Any CPU
		{3782BB2B-6D41-482B-99BB-158F1D746A4F}.Debug|Any CPU.ActiveCfg = Debug|iPhoneSimulator
		{3782BB2B-6D41-482B-99BB-158F1D746A4F}.Debug|Any CPU.Build.0 = Debug|iPhoneSimulator
		{3782BB2B-6D41-482B-99BB-158F1D746A4F}.Debug|Any CPU.Deploy.0 = Debug|iPhoneSimulator
		{3782BB2B-6D41-482B-99BB-158F1D746A4F}.Debug|ARM.ActiveCfg = Debug|iPhone
		{3782BB2B-6D41-482B-99BB-158F1D746A4F}.Debug|ARM.Build.0 = Debug|iPhone
		{3782BB2B-6D41-482B-99BB-158F1D746A4F}.Debug|ARM.Deploy.0 = Debug|iPhone
		{3782BB2B-6D41-482B-99BB-158F1D746A4F}.Debug|iPhone.ActiveCfg = Debug|iPhone
		{3782BB2B-6D41-482B-99BB-158F1D746A4F}.Debug|iPhone.Build.0 = Debug|iPhone
		{3782BB2B-6D41-482B-99BB-158F1D746A4F}.Debug|iPhone.Deploy.0 = Debug|iPhone
		{3782BB2B-6D41-482B-99BB-158F1D746A4F}.Debug|iPhoneSimulator.ActiveCfg = Debug|iPhoneSimulator
		{3782BB2B-6D41-482B-99BB-158F1D746A4F}.Debug|iPhoneSimulator.Build.0 = Debug|iPhoneSimulator
		{3782BB2B-6D41-482B-99BB-158F1D746A4F}.Debug|iPhoneSimulator.Deploy.0 = Debug|iPhoneSimulator
		{3782BB2B-6D41-482B-99BB-158F1D746A4F}.Debug|x64.ActiveCfg = Debug|iPhoneSimulator
		{3782BB2B-6D41-482B-99BB-158F1D746A4F}.Debug|x64.Build.0 = Debug|iPhoneSimulator
		{3782BB2B-6D41-482B-99BB-158F1D746A4F}.Debug|x64.Deploy.0 = Debug|iPhoneSimulator
		{3782BB2B-6D41-482B-99BB-158F1D746A4F}.Debug|x86.ActiveCfg = Debug|iPhoneSimulator
		{3782BB2B-6D41-482B-99BB-158F1D746A4F}.Debug|x86.Build.0 = Debug|iPhoneSimulator
		{3782BB2B-6D41-482B-99BB-158F1D746A4F}.Debug|x86.Deploy.0 = Debug|iPhoneSimulator
		{3782BB2B-6D41-482B-99BB-158F1D746A4F}.Release|Any CPU.ActiveCfg = Release|iPhoneSimulator
		{3782BB2B-6D41-482B-99BB-158F1D746A4F}.Release|Any CPU.Build.0 = Release|iPhoneSimulator
		{3782BB2B-6D41-482B-99BB-158F1D746A4F}.Release|Any CPU.Deploy.0 = Release|iPhoneSimulator
		{3782BB2B-6D41-482B-99BB-158F1D746A4F}.Release|ARM.ActiveCfg = Release|iPhoneSimulator
		{3782BB2B-6D41-482B-99BB-158F1D746A4F}.Release|ARM.Build.0 = Release|iPhoneSimulator
		{3782BB2B-6D41-482B-99BB-158F1D746A4F}.Release|ARM.Deploy.0 = Release|iPhoneSimulator
		{3782BB2B-6D41-482B-99BB-158F1D746A4F}.Release|iPhone.ActiveCfg = Release|iPhone
		{3782BB2B-6D41-482B-99BB-158F1D746A4F}.Release|iPhone.Build.0 = Release|iPhone
		{3782BB2B-6D41-482B-99BB-158F1D746A4F}.Release|iPhone.Deploy.0 = Release|iPhone
		{3782BB2B-6D41-482B-99BB-158F1D746A4F}.Release|iPhoneSimulator.ActiveCfg = Release|iPhoneSimulator
		{3782BB2B-6D41-482B-99BB-158F1D746A4F}.Release|iPhoneSimulator.Build.0 = Release|iPhoneSimulator
		{3782BB2B-6D41-482B-99BB-158F1D746A4F}.Release|iPhoneSimulator.Deploy.0 = Release|iPhoneSimulator
		{3782BB2B-6D41-482B-99BB-158F1D746A4F}.Release|x64.ActiveCfg = Release|iPhoneSimulator
		{3782BB2B-6D41-482B-99BB-158F1D746A4F}.Release|x64.Build.0 = Release|iPhoneSimulator
		{3782BB2B-6D41-482B-99BB-158F1D746A4F}.Release|x64.Deploy.0 = Release|iPhoneSimulator
		{3782BB2B-6D41-482B-99BB-158F1D746A4F}.Release|x86.ActiveCfg = Release|iPhoneSimulator
		{3782BB2B-6D41-482B-99BB-158F1D746A4F}.Release|x86.Build.0 = Release|iPhoneSimulator
		{3782BB2B-6D41-482B-99BB-158F1D746A4F}.Release|x86.Deploy.0 = Release|iPhoneSimulator
		{F256D85D-BA85-4D00-883D-92BC9EFAC6F2}.Debug|Any CPU.ActiveCfg = Debug|Any CPU
		{F256D85D-BA85-4D00-883D-92BC9EFAC6F2}.Debug|Any CPU.Build.0 = Debug|Any CPU
		{F256D85D-BA85-4D00-883D-92BC9EFAC6F2}.Debug|Any CPU.Deploy.0 = Debug|Any CPU
		{F256D85D-BA85-4D00-883D-92BC9EFAC6F2}.Debug|ARM.ActiveCfg = Debug|Any CPU
		{F256D85D-BA85-4D00-883D-92BC9EFAC6F2}.Debug|ARM.Build.0 = Debug|Any CPU
		{F256D85D-BA85-4D00-883D-92BC9EFAC6F2}.Debug|ARM.Deploy.0 = Debug|Any CPU
		{F256D85D-BA85-4D00-883D-92BC9EFAC6F2}.Debug|iPhone.ActiveCfg = Debug|Any CPU
		{F256D85D-BA85-4D00-883D-92BC9EFAC6F2}.Debug|iPhone.Build.0 = Debug|Any CPU
		{F256D85D-BA85-4D00-883D-92BC9EFAC6F2}.Debug|iPhone.Deploy.0 = Debug|Any CPU
		{F256D85D-BA85-4D00-883D-92BC9EFAC6F2}.Debug|iPhoneSimulator.ActiveCfg = Debug|Any CPU
		{F256D85D-BA85-4D00-883D-92BC9EFAC6F2}.Debug|iPhoneSimulator.Build.0 = Debug|Any CPU
		{F256D85D-BA85-4D00-883D-92BC9EFAC6F2}.Debug|iPhoneSimulator.Deploy.0 = Debug|Any CPU
		{F256D85D-BA85-4D00-883D-92BC9EFAC6F2}.Debug|x64.ActiveCfg = Debug|Any CPU
		{F256D85D-BA85-4D00-883D-92BC9EFAC6F2}.Debug|x64.Build.0 = Debug|Any CPU
		{F256D85D-BA85-4D00-883D-92BC9EFAC6F2}.Debug|x64.Deploy.0 = Debug|Any CPU
		{F256D85D-BA85-4D00-883D-92BC9EFAC6F2}.Debug|x86.ActiveCfg = Debug|Any CPU
		{F256D85D-BA85-4D00-883D-92BC9EFAC6F2}.Debug|x86.Build.0 = Debug|Any CPU
		{F256D85D-BA85-4D00-883D-92BC9EFAC6F2}.Debug|x86.Deploy.0 = Debug|Any CPU
		{F256D85D-BA85-4D00-883D-92BC9EFAC6F2}.Release|Any CPU.ActiveCfg = Release|Any CPU
		{F256D85D-BA85-4D00-883D-92BC9EFAC6F2}.Release|Any CPU.Build.0 = Release|Any CPU
		{F256D85D-BA85-4D00-883D-92BC9EFAC6F2}.Release|Any CPU.Deploy.0 = Release|Any CPU
		{F256D85D-BA85-4D00-883D-92BC9EFAC6F2}.Release|ARM.ActiveCfg = Release|Any CPU
		{F256D85D-BA85-4D00-883D-92BC9EFAC6F2}.Release|ARM.Build.0 = Release|Any CPU
		{F256D85D-BA85-4D00-883D-92BC9EFAC6F2}.Release|ARM.Deploy.0 = Release|Any CPU
		{F256D85D-BA85-4D00-883D-92BC9EFAC6F2}.Release|iPhone.ActiveCfg = Release|Any CPU
		{F256D85D-BA85-4D00-883D-92BC9EFAC6F2}.Release|iPhone.Build.0 = Release|Any CPU
		{F256D85D-BA85-4D00-883D-92BC9EFAC6F2}.Release|iPhone.Deploy.0 = Release|Any CPU
		{F256D85D-BA85-4D00-883D-92BC9EFAC6F2}.Release|iPhoneSimulator.ActiveCfg = Release|Any CPU
		{F256D85D-BA85-4D00-883D-92BC9EFAC6F2}.Release|iPhoneSimulator.Build.0 = Release|Any CPU
		{F256D85D-BA85-4D00-883D-92BC9EFAC6F2}.Release|iPhoneSimulator.Deploy.0 = Release|Any CPU
		{F256D85D-BA85-4D00-883D-92BC9EFAC6F2}.Release|x64.ActiveCfg = Release|Any CPU
		{F256D85D-BA85-4D00-883D-92BC9EFAC6F2}.Release|x64.Build.0 = Release|Any CPU
		{F256D85D-BA85-4D00-883D-92BC9EFAC6F2}.Release|x64.Deploy.0 = Release|Any CPU
		{F256D85D-BA85-4D00-883D-92BC9EFAC6F2}.Release|x86.ActiveCfg = Release|Any CPU
		{F256D85D-BA85-4D00-883D-92BC9EFAC6F2}.Release|x86.Build.0 = Release|Any CPU
		{F256D85D-BA85-4D00-883D-92BC9EFAC6F2}.Release|x86.Deploy.0 = Release|Any CPU
	EndGlobalSection
	GlobalSection(SolutionProperties) = preSolution
		HideSolutionNode = FALSE
	EndGlobalSection
	GlobalSection(ExtensibilityGlobals) = postSolution
		SolutionGuid = {77C8A139-CD8C-4B7C-A47F-63DC3BA488CE}
	EndGlobalSection
EndGlobal
