
Microsoft Visual Studio Solution File, Format Version 12.00
# Visual Studio Version 16
VisualStudioVersion = 16.0.31205.134
MinimumVisualStudioVersion = 10.0.40219.1
Project("{FAE04EC0-301F-11D3-BF4B-00C04F79EFBC}") = "CPEI.UWP", "CPEI.UWP\CPEI.UWP.csproj", "{364E8694-F1F0-45C7-A28E-6D63C27E7992}"
EndProject
Project("{FAE04EC0-301F-11D3-BF4B-00C04F79EFBC}") = "CPEI.Android", "CPEI.Android\CPEI.Android.csproj", "{89C3D61A-121A-4DE3-A9F7-85E8E8CB4666}"
EndProject
Project("{FAE04EC0-301F-11D3-BF4B-00C04F79EFBC}") = "CPEI.iOS", "CPEI.iOS\CPEI.iOS.csproj", "{AD2FAFF1-9562-47A7-94DF-2B1C5FD09E7A}"
EndProject
Project("{FAE04EC0-301F-11D3-BF4B-00C04F79EFBC}") = "CPEI", "CPEI\CPEI.csproj", "{EFAB13DB-1C24-4EA0-98C5-A32A80F3BA96}"
EndProject
Global
	GlobalSection(SolutionConfigurationPlatforms) = preSolution
		Debug|Any CPU = Debug|Any CPU
		Debug|ARM = Debug|ARM
		Debug|iPhone = Debug|iPhone
		Debug|iPhoneSimulator = Debug|iPhoneSimulator
		Debug|x64 = Debug|x64
		Debug|x86 = Debug|x86
		Release|Any CPU = Release|Any CPU
		Release|ARM = Release|ARM
		Release|iPhone = Release|iPhone
		Release|iPhoneSimulator = Release|iPhoneSimulator
		Release|x64 = Release|x64
		Release|x86 = Release|x86
	EndGlobalSection
	GlobalSection(ProjectConfigurationPlatforms) = postSolution
		{364E8694-F1F0-45C7-A28E-6D63C27E7992}.Debug|Any CPU.ActiveCfg = Debug|x86
		{364E8694-F1F0-45C7-A28E-6D63C27E7992}.Debug|Any CPU.Build.0 = Debug|x86
		{364E8694-F1F0-45C7-A28E-6D63C27E7992}.Debug|Any CPU.Deploy.0 = Debug|x86
		{364E8694-F1F0-45C7-A28E-6D63C27E7992}.Debug|ARM.ActiveCfg = Debug|ARM
		{364E8694-F1F0-45C7-A28E-6D63C27E7992}.Debug|ARM.Build.0 = Debug|ARM
		{364E8694-F1F0-45C7-A28E-6D63C27E7992}.Debug|ARM.Deploy.0 = Debug|ARM
		{364E8694-F1F0-45C7-A28E-6D63C27E7992}.Debug|iPhone.ActiveCfg = Debug|x86
		{364E8694-F1F0-45C7-A28E-6D63C27E7992}.Debug|iPhone.Build.0 = Debug|x86
		{364E8694-F1F0-45C7-A28E-6D63C27E7992}.Debug|iPhone.Deploy.0 = Debug|x86
		{364E8694-F1F0-45C7-A28E-6D63C27E7992}.Debug|iPhoneSimulator.ActiveCfg = Debug|x86
		{364E8694-F1F0-45C7-A28E-6D63C27E7992}.Debug|iPhoneSimulator.Build.0 = Debug|x86
		{364E8694-F1F0-45C7-A28E-6D63C27E7992}.Debug|iPhoneSimulator.Deploy.0 = Debug|x86
		{364E8694-F1F0-45C7-A28E-6D63C27E7992}.Debug|x64.ActiveCfg = Debug|x64
		{364E8694-F1F0-45C7-A28E-6D63C27E7992}.Debug|x64.Build.0 = Debug|x64
		{364E8694-F1F0-45C7-A28E-6D63C27E7992}.Debug|x64.Deploy.0 = Debug|x64
		{364E8694-F1F0-45C7-A28E-6D63C27E7992}.Debug|x86.ActiveCfg = Debug|x86
		{364E8694-F1F0-45C7-A28E-6D63C27E7992}.Debug|x86.Build.0 = Debug|x86
		{364E8694-F1F0-45C7-A28E-6D63C27E7992}.Debug|x86.Deploy.0 = Debug|x86
		{364E8694-F1F0-45C7-A28E-6D63C27E7992}.Release|Any CPU.ActiveCfg = Release|x86
		{364E8694-F1F0-45C7-A28E-6D63C27E7992}.Release|Any CPU.Build.0 = Release|x86
		{364E8694-F1F0-45C7-A28E-6D63C27E7992}.Release|Any CPU.Deploy.0 = Release|x86
		{364E8694-F1F0-45C7-A28E-6D63C27E7992}.Release|ARM.ActiveCfg = Release|ARM
		{364E8694-F1F0-45C7-A28E-6D63C27E7992}.Release|ARM.Build.0 = Release|ARM
		{364E8694-F1F0-45C7-A28E-6D63C27E7992}.Release|ARM.Deploy.0 = Release|ARM
		{364E8694-F1F0-45C7-A28E-6D63C27E7992}.Release|iPhone.ActiveCfg = Release|x86
		{364E8694-F1F0-45C7-A28E-6D63C27E7992}.Release|iPhone.Build.0 = Release|x86
		{364E8694-F1F0-45C7-A28E-6D63C27E7992}.Release|iPhone.Deploy.0 = Release|x86
		{364E8694-F1F0-45C7-A28E-6D63C27E7992}.Release|iPhoneSimulator.ActiveCfg = Release|x86
		{364E8694-F1F0-45C7-A28E-6D63C27E7992}.Release|iPhoneSimulator.Build.0 = Release|x86
		{364E8694-F1F0-45C7-A28E-6D63C27E7992}.Release|iPhoneSimulator.Deploy.0 = Release|x86
		{364E8694-F1F0-45C7-A28E-6D63C27E7992}.Release|x64.ActiveCfg = Release|x64
		{364E8694-F1F0-45C7-A28E-6D63C27E7992}.Release|x64.Build.0 = Release|x64
		{364E8694-F1F0-45C7-A28E-6D63C27E7992}.Release|x64.Deploy.0 = Release|x64
		{364E8694-F1F0-45C7-A28E-6D63C27E7992}.Release|x86.ActiveCfg = Release|x86
		{364E8694-F1F0-45C7-A28E-6D63C27E7992}.Release|x86.Build.0 = Release|x86
		{364E8694-F1F0-45C7-A28E-6D63C27E7992}.Release|x86.Deploy.0 = Release|x86
		{89C3D61A-121A-4DE3-A9F7-85E8E8CB4666}.Debug|Any CPU.ActiveCfg = Debug|Any CPU
		{89C3D61A-121A-4DE3-A9F7-85E8E8CB4666}.Debug|Any CPU.Build.0 = Debug|Any CPU
		{89C3D61A-121A-4DE3-A9F7-85E8E8CB4666}.Debug|Any CPU.Deploy.0 = Debug|Any CPU
		{89C3D61A-121A-4DE3-A9F7-85E8E8CB4666}.Debug|ARM.ActiveCfg = Debug|Any CPU
		{89C3D61A-121A-4DE3-A9F7-85E8E8CB4666}.Debug|ARM.Build.0 = Debug|Any CPU
		{89C3D61A-121A-4DE3-A9F7-85E8E8CB4666}.Debug|ARM.Deploy.0 = Debug|Any CPU
		{89C3D61A-121A-4DE3-A9F7-85E8E8CB4666}.Debug|iPhone.ActiveCfg = Debug|Any CPU
		{89C3D61A-121A-4DE3-A9F7-85E8E8CB4666}.Debug|iPhone.Build.0 = Debug|Any CPU
		{89C3D61A-121A-4DE3-A9F7-85E8E8CB4666}.Debug|iPhone.Deploy.0 = Debug|Any CPU
		{89C3D61A-121A-4DE3-A9F7-85E8E8CB4666}.Debug|iPhoneSimulator.ActiveCfg = Debug|Any CPU
		{89C3D61A-121A-4DE3-A9F7-85E8E8CB4666}.Debug|iPhoneSimulator.Build.0 = Debug|Any CPU
		{89C3D61A-121A-4DE3-A9F7-85E8E8CB4666}.Debug|iPhoneSimulator.Deploy.0 = Debug|Any CPU
		{89C3D61A-121A-4DE3-A9F7-85E8E8CB4666}.Debug|x64.ActiveCfg = Debug|Any CPU
		{89C3D61A-121A-4DE3-A9F7-85E8E8CB4666}.Debug|x64.Build.0 = Debug|Any CPU
		{89C3D61A-121A-4DE3-A9F7-85E8E8CB4666}.Debug|x64.Deploy.0 = Debug|Any CPU
		{89C3D61A-121A-4DE3-A9F7-85E8E8CB4666}.Debug|x86.ActiveCfg = Debug|Any CPU
		{89C3D61A-121A-4DE3-A9F7-85E8E8CB4666}.Debug|x86.Build.0 = Debug|Any CPU
		{89C3D61A-121A-4DE3-A9F7-85E8E8CB4666}.Debug|x86.Deploy.0 = Debug|Any CPU
		{89C3D61A-121A-4DE3-A9F7-85E8E8CB4666}.Release|Any CPU.ActiveCfg = Release|Any CPU
		{89C3D61A-121A-4DE3-A9F7-85E8E8CB4666}.Release|Any CPU.Build.0 = Release|Any CPU
		{89C3D61A-121A-4DE3-A9F7-85E8E8CB4666}.Release|Any CPU.Deploy.0 = Release|Any CPU
		{89C3D61A-121A-4DE3-A9F7-85E8E8CB4666}.Release|ARM.ActiveCfg = Release|Any CPU
		{89C3D61A-121A-4DE3-A9F7-85E8E8CB4666}.Release|ARM.Build.0 = Release|Any CPU
		{89C3D61A-121A-4DE3-A9F7-85E8E8CB4666}.Release|ARM.Deploy.0 = Release|Any CPU
		{89C3D61A-121A-4DE3-A9F7-85E8E8CB4666}.Release|iPhone.ActiveCfg = Release|Any CPU
		{89C3D61A-121A-4DE3-A9F7-85E8E8CB4666}.Release|iPhone.Build.0 = Release|Any CPU
		{89C3D61A-121A-4DE3-A9F7-85E8E8CB4666}.Release|iPhone.Deploy.0 = Release|Any CPU
		{89C3D61A-121A-4DE3-A9F7-85E8E8CB4666}.Release|iPhoneSimulator.ActiveCfg = Release|Any CPU
		{89C3D61A-121A-4DE3-A9F7-85E8E8CB4666}.Release|iPhoneSimulator.Build.0 = Release|Any CPU
		{89C3D61A-121A-4DE3-A9F7-85E8E8CB4666}.Release|iPhoneSimulator.Deploy.0 = Release|Any CPU
		{89C3D61A-121A-4DE3-A9F7-85E8E8CB4666}.Release|x64.ActiveCfg = Release|Any CPU
		{89C3D61A-121A-4DE3-A9F7-85E8E8CB4666}.Release|x64.Build.0 = Release|Any CPU
		{89C3D61A-121A-4DE3-A9F7-85E8E8CB4666}.Release|x64.Deploy.0 = Release|Any CPU
		{89C3D61A-121A-4DE3-A9F7-85E8E8CB4666}.Release|x86.ActiveCfg = Release|Any CPU
		{89C3D61A-121A-4DE3-A9F7-85E8E8CB4666}.Release|x86.Build.0 = Release|Any CPU
		{89C3D61A-121A-4DE3-A9F7-85E8E8CB4666}.Release|x86.Deploy.0 = Release|Any CPU
		{AD2FAFF1-9562-47A7-94DF-2B1C5FD09E7A}.Debug|Any CPU.ActiveCfg = Debug|iPhoneSimulator
		{AD2FAFF1-9562-47A7-94DF-2B1C5FD09E7A}.Debug|Any CPU.Build.0 = Debug|iPhoneSimulator
		{AD2FAFF1-9562-47A7-94DF-2B1C5FD09E7A}.Debug|Any CPU.Deploy.0 = Debug|iPhoneSimulator
		{AD2FAFF1-9562-47A7-94DF-2B1C5FD09E7A}.Debug|ARM.ActiveCfg = Debug|iPhone
		{AD2FAFF1-9562-47A7-94DF-2B1C5FD09E7A}.Debug|ARM.Build.0 = Debug|iPhone
		{AD2FAFF1-9562-47A7-94DF-2B1C5FD09E7A}.Debug|ARM.Deploy.0 = Debug|iPhone
		{AD2FAFF1-9562-47A7-94DF-2B1C5FD09E7A}.Debug|iPhone.ActiveCfg = Debug|iPhone
		{AD2FAFF1-9562-47A7-94DF-2B1C5FD09E7A}.Debug|iPhone.Build.0 = Debug|iPhone
		{AD2FAFF1-9562-47A7-94DF-2B1C5FD09E7A}.Debug|iPhone.Deploy.0 = Debug|iPhone
		{AD2FAFF1-9562-47A7-94DF-2B1C5FD09E7A}.Debug|iPhoneSimulator.ActiveCfg = Debug|iPhoneSimulator
		{AD2FAFF1-9562-47A7-94DF-2B1C5FD09E7A}.Debug|iPhoneSimulator.Build.0 = Debug|iPhoneSimulator
		{AD2FAFF1-9562-47A7-94DF-2B1C5FD09E7A}.Debug|iPhoneSimulator.Deploy.0 = Debug|iPhoneSimulator
		{AD2FAFF1-9562-47A7-94DF-2B1C5FD09E7A}.Debug|x64.ActiveCfg = Debug|iPhoneSimulator
		{AD2FAFF1-9562-47A7-94DF-2B1C5FD09E7A}.Debug|x64.Build.0 = Debug|iPhoneSimulator
		{AD2FAFF1-9562-47A7-94DF-2B1C5FD09E7A}.Debug|x64.Deploy.0 = Debug|iPhoneSimulator
		{AD2FAFF1-9562-47A7-94DF-2B1C5FD09E7A}.Debug|x86.ActiveCfg = Debug|iPhoneSimulator
		{AD2FAFF1-9562-47A7-94DF-2B1C5FD09E7A}.Debug|x86.Build.0 = Debug|iPhoneSimulator
		{AD2FAFF1-9562-47A7-94DF-2B1C5FD09E7A}.Debug|x86.Deploy.0 = Debug|iPhoneSimulator
		{AD2FAFF1-9562-47A7-94DF-2B1C5FD09E7A}.Release|Any CPU.ActiveCfg = Release|iPhoneSimulator
		{AD2FAFF1-9562-47A7-94DF-2B1C5FD09E7A}.Release|Any CPU.Build.0 = Release|iPhoneSimulator
		{AD2FAFF1-9562-47A7-94DF-2B1C5FD09E7A}.Release|Any CPU.Deploy.0 = Release|iPhoneSimulator
		{AD2FAFF1-9562-47A7-94DF-2B1C5FD09E7A}.Release|ARM.ActiveCfg = Release|iPhoneSimulator
		{AD2FAFF1-9562-47A7-94DF-2B1C5FD09E7A}.Release|ARM.Build.0 = Release|iPhoneSimulator
		{AD2FAFF1-9562-47A7-94DF-2B1C5FD09E7A}.Release|ARM.Deploy.0 = Release|iPhoneSimulator
		{AD2FAFF1-9562-47A7-94DF-2B1C5FD09E7A}.Release|iPhone.ActiveCfg = Release|iPhone
		{AD2FAFF1-9562-47A7-94DF-2B1C5FD09E7A}.Release|iPhone.Build.0 = Release|iPhone
		{AD2FAFF1-9562-47A7-94DF-2B1C5FD09E7A}.Release|iPhone.Deploy.0 = Release|iPhone
		{AD2FAFF1-9562-47A7-94DF-2B1C5FD09E7A}.Release|iPhoneSimulator.ActiveCfg = Release|iPhoneSimulator
		{AD2FAFF1-9562-47A7-94DF-2B1C5FD09E7A}.Release|iPhoneSimulator.Build.0 = Release|iPhoneSimulator
		{AD2FAFF1-9562-47A7-94DF-2B1C5FD09E7A}.Release|iPhoneSimulator.Deploy.0 = Release|iPhoneSimulator
		{AD2FAFF1-9562-47A7-94DF-2B1C5FD09E7A}.Release|x64.ActiveCfg = Release|iPhoneSimulator
		{AD2FAFF1-9562-47A7-94DF-2B1C5FD09E7A}.Release|x64.Build.0 = Release|iPhoneSimulator
		{AD2FAFF1-9562-47A7-94DF-2B1C5FD09E7A}.Release|x64.Deploy.0 = Release|iPhoneSimulator
		{AD2FAFF1-9562-47A7-94DF-2B1C5FD09E7A}.Release|x86.ActiveCfg = Release|iPhoneSimulator
		{AD2FAFF1-9562-47A7-94DF-2B1C5FD09E7A}.Release|x86.Build.0 = Release|iPhoneSimulator
		{AD2FAFF1-9562-47A7-94DF-2B1C5FD09E7A}.Release|x86.Deploy.0 = Release|iPhoneSimulator
		{EFAB13DB-1C24-4EA0-98C5-A32A80F3BA96}.Debug|Any CPU.ActiveCfg = Debug|Any CPU
		{EFAB13DB-1C24-4EA0-98C5-A32A80F3BA96}.Debug|Any CPU.Build.0 = Debug|Any CPU
		{EFAB13DB-1C24-4EA0-98C5-A32A80F3BA96}.Debug|Any CPU.Deploy.0 = Debug|Any CPU
		{EFAB13DB-1C24-4EA0-98C5-A32A80F3BA96}.Debug|ARM.ActiveCfg = Debug|Any CPU
		{EFAB13DB-1C24-4EA0-98C5-A32A80F3BA96}.Debug|ARM.Build.0 = Debug|Any CPU
		{EFAB13DB-1C24-4EA0-98C5-A32A80F3BA96}.Debug|ARM.Deploy.0 = Debug|Any CPU
		{EFAB13DB-1C24-4EA0-98C5-A32A80F3BA96}.Debug|iPhone.ActiveCfg = Debug|Any CPU
		{EFAB13DB-1C24-4EA0-98C5-A32A80F3BA96}.Debug|iPhone.Build.0 = Debug|Any CPU
		{EFAB13DB-1C24-4EA0-98C5-A32A80F3BA96}.Debug|iPhone.Deploy.0 = Debug|Any CPU
		{EFAB13DB-1C24-4EA0-98C5-A32A80F3BA96}.Debug|iPhoneSimulator.ActiveCfg = Debug|Any CPU
		{EFAB13DB-1C24-4EA0-98C5-A32A80F3BA96}.Debug|iPhoneSimulator.Build.0 = Debug|Any CPU
		{EFAB13DB-1C24-4EA0-98C5-A32A80F3BA96}.Debug|iPhoneSimulator.Deploy.0 = Debug|Any CPU
		{EFAB13DB-1C24-4EA0-98C5-A32A80F3BA96}.Debug|x64.ActiveCfg = Debug|Any CPU
		{EFAB13DB-1C24-4EA0-98C5-A32A80F3BA96}.Debug|x64.Build.0 = Debug|Any CPU
		{EFAB13DB-1C24-4EA0-98C5-A32A80F3BA96}.Debug|x64.Deploy.0 = Debug|Any CPU
		{EFAB13DB-1C24-4EA0-98C5-A32A80F3BA96}.Debug|x86.ActiveCfg = Debug|Any CPU
		{EFAB13DB-1C24-4EA0-98C5-A32A80F3BA96}.Debug|x86.Build.0 = Debug|Any CPU
		{EFAB13DB-1C24-4EA0-98C5-A32A80F3BA96}.Debug|x86.Deploy.0 = Debug|Any CPU
		{EFAB13DB-1C24-4EA0-98C5-A32A80F3BA96}.Release|Any CPU.ActiveCfg = Release|Any CPU
		{EFAB13DB-1C24-4EA0-98C5-A32A80F3BA96}.Release|Any CPU.Build.0 = Release|Any CPU
		{EFAB13DB-1C24-4EA0-98C5-A32A80F3BA96}.Release|Any CPU.Deploy.0 = Release|Any CPU
		{EFAB13DB-1C24-4EA0-98C5-A32A80F3BA96}.Release|ARM.ActiveCfg = Release|Any CPU
		{EFAB13DB-1C24-4EA0-98C5-A32A80F3BA96}.Release|ARM.Build.0 = Release|Any CPU
		{EFAB13DB-1C24-4EA0-98C5-A32A80F3BA96}.Release|ARM.Deploy.0 = Release|Any CPU
		{EFAB13DB-1C24-4EA0-98C5-A32A80F3BA96}.Release|iPhone.ActiveCfg = Release|Any CPU
		{EFAB13DB-1C24-4EA0-98C5-A32A80F3BA96}.Release|iPhone.Build.0 = Release|Any CPU
		{EFAB13DB-1C24-4EA0-98C5-A32A80F3BA96}.Release|iPhone.Deploy.0 = Release|Any CPU
		{EFAB13DB-1C24-4EA0-98C5-A32A80F3BA96}.Release|iPhoneSimulator.ActiveCfg = Release|Any CPU
		{EFAB13DB-1C24-4EA0-98C5-A32A80F3BA96}.Release|iPhoneSimulator.Build.0 = Release|Any CPU
		{EFAB13DB-1C24-4EA0-98C5-A32A80F3BA96}.Release|iPhoneSimulator.Deploy.0 = Release|Any CPU
		{EFAB13DB-1C24-4EA0-98C5-A32A80F3BA96}.Release|x64.ActiveCfg = Release|Any CPU
		{EFAB13DB-1C24-4EA0-98C5-A32A80F3BA96}.Release|x64.Build.0 = Release|Any CPU
		{EFAB13DB-1C24-4EA0-98C5-A32A80F3BA96}.Release|x64.Deploy.0 = Release|Any CPU
		{EFAB13DB-1C24-4EA0-98C5-A32A80F3BA96}.Release|x86.ActiveCfg = Release|Any CPU
		{EFAB13DB-1C24-4EA0-98C5-A32A80F3BA96}.Release|x86.Build.0 = Release|Any CPU
		{EFAB13DB-1C24-4EA0-98C5-A32A80F3BA96}.Release|x86.Deploy.0 = Release|Any CPU
	EndGlobalSection
	GlobalSection(SolutionProperties) = preSolution
		HideSolutionNode = FALSE
	EndGlobalSection
	GlobalSection(ExtensibilityGlobals) = postSolution
		SolutionGuid = {995E3216-928F-457D-A5BA-98C9E41ED92B}
	EndGlobalSection
EndGlobal
